
Microsoft Visual Studio Solution File, Format Version 12.00
# Visual Studio Version 16
VisualStudioVersion = 16.0.30523.141
MinimumVisualStudioVersion = 10.0.40219.1
Project("{FAE04EC0-301F-11D3-BF4B-00C04F79EFBC}") = "ExampleUIDesignPatterns", "ExampleUIDesignPatterns\ExampleUIDesignPatterns.csproj", "{EDABF42C-F902-4698-A582-81E1DE64F838}"
EndProject
Project("{FAE04EC0-301F-11D3-BF4B-00C04F79EFBC}") = "ExampleUIDesignPatterns.Tests", "ExampleUIDesignPatterns.Tests\ExampleUIDesignPatterns.Tests.csproj", "{D7AA1D5D-DF4B-4833-8C4B-04876B49A4A7}"
EndProject
Global
	GlobalSection(SolutionConfigurationPlatforms) = preSolution
		Debug|Any CPU = Debug|Any CPU
		Release|Any CPU = Release|Any CPU
	EndGlobalSection
	GlobalSection(ProjectConfigurationPlatforms) = postSolution
		{EDABF42C-F902-4698-A582-81E1DE64F838}.Debug|Any CPU.ActiveCfg = Debug|Any CPU
		{EDABF42C-F902-4698-A582-81E1DE64F838}.Debug|Any CPU.Build.0 = Debug|Any CPU
		{EDABF42C-F902-4698-A582-81E1DE64F838}.Release|Any CPU.ActiveCfg = Release|Any CPU
		{EDABF42C-F902-4698-A582-81E1DE64F838}.Release|Any CPU.Build.0 = Release|Any CPU
		{D7AA1D5D-DF4B-4833-8C4B-04876B49A4A7}.Debug|Any CPU.ActiveCfg = Debug|Any CPU
		{D7AA1D5D-DF4B-4833-8C4B-04876B49A4A7}.Debug|Any CPU.Build.0 = Debug|Any CPU
		{D7AA1D5D-DF4B-4833-8C4B-04876B49A4A7}.Release|Any CPU.ActiveCfg = Release|Any CPU
		{D7AA1D5D-DF4B-4833-8C4B-04876B49A4A7}.Release|Any CPU.Build.0 = Release|Any CPU
	EndGlobalSection
	GlobalSection(SolutionProperties) = preSolution
		HideSolutionNode = FALSE
	EndGlobalSection
	GlobalSection(ExtensibilityGlobals) = postSolution
		SolutionGuid = {6CDAE110-0279-449F-8685-F6A1AE5945BC}
	EndGlobalSection
EndGlobal
